
Microsoft Visual Studio Solution File, Format Version 12.00
# Visual Studio 2013
VisualStudioVersion = 12.0.21005.1
MinimumVisualStudioVersion = 10.0.40219.1
Project("{FAE04EC0-301F-11D3-BF4B-00C04F79EFBC}") = "Quiron.LojaVirtual.Dominio", "Quiron.LojaVirtual.Dominio\Quiron.LojaVirtual.Dominio.csproj", "{538AB490-DE01-4525-935A-5029806479FE}"
EndProject
Project("{FAE04EC0-301F-11D3-BF4B-00C04F79EFBC}") = "Quiron.LojaVirtual.Web", "Quiron.LojaVirtual.Web\Quiron.LojaVirtual.Web.csproj", "{0049CB38-D3E9-4627-BC2A-AAB2A0BA1465}"
EndProject
Project("{FAE04EC0-301F-11D3-BF4B-00C04F79EFBC}") = "Quiron.LojaVirtual.UnitTest", "Quiron.LojaVirtual.UnitTest\Quiron.LojaVirtual.UnitTest.csproj", "{F669DC1A-6DF3-4BBB-A7E2-FAEDDBDF009A}"
EndProject
Global
	GlobalSection(SolutionConfigurationPlatforms) = preSolution
		Debug|Any CPU = Debug|Any CPU
		Release|Any CPU = Release|Any CPU
	EndGlobalSection
	GlobalSection(ProjectConfigurationPlatforms) = postSolution
		{538AB490-DE01-4525-935A-5029806479FE}.Debug|Any CPU.ActiveCfg = Debug|Any CPU
		{538AB490-DE01-4525-935A-5029806479FE}.Debug|Any CPU.Build.0 = Debug|Any CPU
		{538AB490-DE01-4525-935A-5029806479FE}.Release|Any CPU.ActiveCfg = Release|Any CPU
		{538AB490-DE01-4525-935A-5029806479FE}.Release|Any CPU.Build.0 = Release|Any CPU
		{0049CB38-D3E9-4627-BC2A-AAB2A0BA1465}.Debug|Any CPU.ActiveCfg = Debug|Any CPU
		{0049CB38-D3E9-4627-BC2A-AAB2A0BA1465}.Debug|Any CPU.Build.0 = Debug|Any CPU
		{0049CB38-D3E9-4627-BC2A-AAB2A0BA1465}.Release|Any CPU.ActiveCfg = Release|Any CPU
		{0049CB38-D3E9-4627-BC2A-AAB2A0BA1465}.Release|Any CPU.Build.0 = Release|Any CPU
		{F669DC1A-6DF3-4BBB-A7E2-FAEDDBDF009A}.Debug|Any CPU.ActiveCfg = Debug|Any CPU
		{F669DC1A-6DF3-4BBB-A7E2-FAEDDBDF009A}.Debug|Any CPU.Build.0 = Debug|Any CPU
		{F669DC1A-6DF3-4BBB-A7E2-FAEDDBDF009A}.Release|Any CPU.ActiveCfg = Release|Any CPU
		{F669DC1A-6DF3-4BBB-A7E2-FAEDDBDF009A}.Release|Any CPU.Build.0 = Release|Any CPU
	EndGlobalSection
	GlobalSection(SolutionProperties) = preSolution
		HideSolutionNode = FALSE
	EndGlobalSection
EndGlobal
